
Microsoft Visual Studio Solution File, Format Version 12.00
# Visual Studio 15
VisualStudioVersion = 15.0.28307.1401
MinimumVisualStudioVersion = 10.0.40219.1
Project("{FAE04EC0-301F-11D3-BF4B-00C04F79EFBC}") = "Aula08112021", "Aula08112021\Aula08112021.csproj", "{78997016-E20F-49BB-BBBF-BFFD702B9EF9}"
EndProject
Global
	GlobalSection(SolutionConfigurationPlatforms) = preSolution
		Debug|Any CPU = Debug|Any CPU
		Release|Any CPU = Release|Any CPU
	EndGlobalSection
	GlobalSection(ProjectConfigurationPlatforms) = postSolution
		{78997016-E20F-49BB-BBBF-BFFD702B9EF9}.Debug|Any CPU.ActiveCfg = Debug|Any CPU
		{78997016-E20F-49BB-BBBF-BFFD702B9EF9}.Debug|Any CPU.Build.0 = Debug|Any CPU
		{78997016-E20F-49BB-BBBF-BFFD702B9EF9}.Release|Any CPU.ActiveCfg = Release|Any CPU
		{78997016-E20F-49BB-BBBF-BFFD702B9EF9}.Release|Any CPU.Build.0 = Release|Any CPU
	EndGlobalSection
	GlobalSection(SolutionProperties) = preSolution
		HideSolutionNode = FALSE
	EndGlobalSection
	GlobalSection(ExtensibilityGlobals) = postSolution
		SolutionGuid = {B8DCE65D-08C1-4876-AEEE-8DF6B2691F08}
	EndGlobalSection
EndGlobal
